
Microsoft Visual Studio Solution File, Format Version 12.00
# Visual Studio Version 16
VisualStudioVersion = 16.0.32413.511
MinimumVisualStudioVersion = 10.0.40219.1
Project("{FAE04EC0-301F-11D3-BF4B-00C04F79EFBC}") = "MVCPeople", "MVCPeople\MVCPeople.csproj", "{18479304-0ED5-4DCA-AA67-4862FE68F974}"
EndProject
Global
	GlobalSection(SolutionConfigurationPlatforms) = preSolution
		Debug|Any CPU = Debug|Any CPU
		Release|Any CPU = Release|Any CPU
	EndGlobalSection
	GlobalSection(ProjectConfigurationPlatforms) = postSolution
		{18479304-0ED5-4DCA-AA67-4862FE68F974}.Debug|Any CPU.ActiveCfg = Debug|Any CPU
		{18479304-0ED5-4DCA-AA67-4862FE68F974}.Debug|Any CPU.Build.0 = Debug|Any CPU
		{18479304-0ED5-4DCA-AA67-4862FE68F974}.Release|Any CPU.ActiveCfg = Release|Any CPU
		{18479304-0ED5-4DCA-AA67-4862FE68F974}.Release|Any CPU.Build.0 = Release|Any CPU
	EndGlobalSection
	GlobalSection(SolutionProperties) = preSolution
		HideSolutionNode = FALSE
	EndGlobalSection
	GlobalSection(ExtensibilityGlobals) = postSolution
		SolutionGuid = {81F2CC01-2EC6-4000-844C-4DA4860E092B}
	EndGlobalSection
EndGlobal
